
Microsoft Visual Studio Solution File, Format Version 12.00
# Visual Studio Version 16
VisualStudioVersion = 16.0.30804.86
MinimumVisualStudioVersion = 10.0.40219.1
Project("{9A19103F-16F7-4668-BE54-9A1E7A4F7556}") = "KampIntro", "KampIntro.csproj", "{38D2AF7F-0F7D-476B-B28C-39A83D6881C3}"
EndProject
Project("{9A19103F-16F7-4668-BE54-9A1E7A4F7556}") = "Metotlar", "..\Metotlar\Metotlar.csproj", "{5E105095-3BAF-4187-A43D-E2C2BFA45BCF}"
EndProject
Project("{9A19103F-16F7-4668-BE54-9A1E7A4F7556}") = "Matematik", "..\Matematik\Matematik.csproj", "{8B77BEE1-49BC-4D68-8507-BD9A220ACEAD}"
EndProject
Project("{FAE04EC0-301F-11D3-BF4B-00C04F79EFBC}") = "DegerveReferansTipler", "..\DegerveReferansTipler\DegerveReferansTipler.csproj", "{2F3AD8AC-1E67-4468-974E-0698C49B3897}"
EndProject
Global
	GlobalSection(SolutionConfigurationPlatforms) = preSolution
		Debug|Any CPU = Debug|Any CPU
		Release|Any CPU = Release|Any CPU
	EndGlobalSection
	GlobalSection(ProjectConfigurationPlatforms) = postSolution
		{38D2AF7F-0F7D-476B-B28C-39A83D6881C3}.Debug|Any CPU.ActiveCfg = Debug|Any CPU
		{38D2AF7F-0F7D-476B-B28C-39A83D6881C3}.Debug|Any CPU.Build.0 = Debug|Any CPU
		{38D2AF7F-0F7D-476B-B28C-39A83D6881C3}.Release|Any CPU.ActiveCfg = Release|Any CPU
		{38D2AF7F-0F7D-476B-B28C-39A83D6881C3}.Release|Any CPU.Build.0 = Release|Any CPU
		{5E105095-3BAF-4187-A43D-E2C2BFA45BCF}.Debug|Any CPU.ActiveCfg = Debug|Any CPU
		{5E105095-3BAF-4187-A43D-E2C2BFA45BCF}.Debug|Any CPU.Build.0 = Debug|Any CPU
		{5E105095-3BAF-4187-A43D-E2C2BFA45BCF}.Release|Any CPU.ActiveCfg = Release|Any CPU
		{5E105095-3BAF-4187-A43D-E2C2BFA45BCF}.Release|Any CPU.Build.0 = Release|Any CPU
		{8B77BEE1-49BC-4D68-8507-BD9A220ACEAD}.Debug|Any CPU.ActiveCfg = Debug|Any CPU
		{8B77BEE1-49BC-4D68-8507-BD9A220ACEAD}.Debug|Any CPU.Build.0 = Debug|Any CPU
		{8B77BEE1-49BC-4D68-8507-BD9A220ACEAD}.Release|Any CPU.ActiveCfg = Release|Any CPU
		{8B77BEE1-49BC-4D68-8507-BD9A220ACEAD}.Release|Any CPU.Build.0 = Release|Any CPU
		{2F3AD8AC-1E67-4468-974E-0698C49B3897}.Debug|Any CPU.ActiveCfg = Debug|Any CPU
		{2F3AD8AC-1E67-4468-974E-0698C49B3897}.Debug|Any CPU.Build.0 = Debug|Any CPU
		{2F3AD8AC-1E67-4468-974E-0698C49B3897}.Release|Any CPU.ActiveCfg = Release|Any CPU
		{2F3AD8AC-1E67-4468-974E-0698C49B3897}.Release|Any CPU.Build.0 = Release|Any CPU
	EndGlobalSection
	GlobalSection(SolutionProperties) = preSolution
		HideSolutionNode = FALSE
	EndGlobalSection
	GlobalSection(ExtensibilityGlobals) = postSolution
		SolutionGuid = {5FB20D53-22EA-481F-BA4B-14208D872C68}
	EndGlobalSection
EndGlobal
